
Microsoft Visual Studio Solution File, Format Version 12.00
# Visual Studio 14
VisualStudioVersion = 14.0.23107.0
MinimumVisualStudioVersion = 10.0.40219.1
Project("{FAE04EC0-301F-11D3-BF4B-00C04F79EFBC}") = "ExempleStrategyPattern", "ExempleStrategyPattern\ExempleStrategyPattern.csproj", "{89A5D9CB-4DC1-4613-926A-1047F6A1055E}"
EndProject
Project("{FAE04EC0-301F-11D3-BF4B-00C04F79EFBC}") = "ExempleStrategyPatternInvestidor", "ExempleStrategyPatternInvestidor\ExempleStrategyPatternInvestidor.csproj", "{21C7555C-E508-4137-A38F-37B614D4C008}"
EndProject
Global
	GlobalSection(SolutionConfigurationPlatforms) = preSolution
		Debug|Any CPU = Debug|Any CPU
		Release|Any CPU = Release|Any CPU
	EndGlobalSection
	GlobalSection(ProjectConfigurationPlatforms) = postSolution
		{89A5D9CB-4DC1-4613-926A-1047F6A1055E}.Debug|Any CPU.ActiveCfg = Debug|Any CPU
		{89A5D9CB-4DC1-4613-926A-1047F6A1055E}.Debug|Any CPU.Build.0 = Debug|Any CPU
		{89A5D9CB-4DC1-4613-926A-1047F6A1055E}.Release|Any CPU.ActiveCfg = Release|Any CPU
		{89A5D9CB-4DC1-4613-926A-1047F6A1055E}.Release|Any CPU.Build.0 = Release|Any CPU
		{21C7555C-E508-4137-A38F-37B614D4C008}.Debug|Any CPU.ActiveCfg = Debug|Any CPU
		{21C7555C-E508-4137-A38F-37B614D4C008}.Debug|Any CPU.Build.0 = Debug|Any CPU
		{21C7555C-E508-4137-A38F-37B614D4C008}.Release|Any CPU.ActiveCfg = Release|Any CPU
		{21C7555C-E508-4137-A38F-37B614D4C008}.Release|Any CPU.Build.0 = Release|Any CPU
	EndGlobalSection
	GlobalSection(SolutionProperties) = preSolution
		HideSolutionNode = FALSE
	EndGlobalSection
EndGlobal
